
Microsoft Visual Studio Solution File, Format Version 12.00
# Visual Studio Version 17
VisualStudioVersion = 17.1.32210.238
MinimumVisualStudioVersion = 10.0.40219.1
Project("{FAE04EC0-301F-11D3-BF4B-00C04F79EFBC}") = "MyWebProject.github,io", "MyWebProject\MyWebProject.github,io.csproj", "{C8A7018B-9564-4C4B-B63B-98CDCC0CA8D3}"
EndProject
Global
	GlobalSection(SolutionConfigurationPlatforms) = preSolution
		Debug|Any CPU = Debug|Any CPU
		Release|Any CPU = Release|Any CPU
	EndGlobalSection
	GlobalSection(ProjectConfigurationPlatforms) = postSolution
		{C8A7018B-9564-4C4B-B63B-98CDCC0CA8D3}.Debug|Any CPU.ActiveCfg = Debug|Any CPU
		{C8A7018B-9564-4C4B-B63B-98CDCC0CA8D3}.Debug|Any CPU.Build.0 = Debug|Any CPU
		{C8A7018B-9564-4C4B-B63B-98CDCC0CA8D3}.Release|Any CPU.ActiveCfg = Release|Any CPU
		{C8A7018B-9564-4C4B-B63B-98CDCC0CA8D3}.Release|Any CPU.Build.0 = Release|Any CPU
	EndGlobalSection
	GlobalSection(SolutionProperties) = preSolution
		HideSolutionNode = FALSE
	EndGlobalSection
	GlobalSection(ExtensibilityGlobals) = postSolution
		SolutionGuid = {C76218A8-A3E2-4E40-A4D4-D2481CD1A399}
	EndGlobalSection
EndGlobal
